// !$*UTF8*$!
{
	archiveVersion = 1;
	classes = {
	};
	objectVersion = 56;
	objects = {

/* Begin PBXBuildFile section */
		779FE6A42B5B1D5900FB23CB /* GithubAPI.swift in Sources */ = {isa = PBXBuildFile; fileRef = 779FE6A32B5B1D5900FB23CB /* GithubAPI.swift */; };
		77A2E5A42B5B245C00848A40 /* SnapKit in Frameworks */ = {isa = PBXBuildFile; productRef = 77A2E5A32B5B245C00848A40 /* SnapKit */; };
		77A2E5A62B5B245C00848A40 /* SnapKit-Dynamic in Frameworks */ = {isa = PBXBuildFile; productRef = 77A2E5A52B5B245C00848A40 /* SnapKit-Dynamic */; };
		77CDFD372B5ABCB200954295 /* AppDelegate.swift in Sources */ = {isa = PBXBuildFile; fileRef = 77CDFD362B5ABCB200954295 /* AppDelegate.swift */; };
		77CDFD392B5ABCB200954295 /* SceneDelegate.swift in Sources */ = {isa = PBXBuildFile; fileRef = 77CDFD382B5ABCB200954295 /* SceneDelegate.swift */; };
		77CDFD3B2B5ABCB200954295 /* MainViewController.swift in Sources */ = {isa = PBXBuildFile; fileRef = 77CDFD3A2B5ABCB200954295 /* MainViewController.swift */; };
		77CDFD402B5ABCB400954295 /* Assets.xcassets in Resources */ = {isa = PBXBuildFile; fileRef = 77CDFD3F2B5ABCB400954295 /* Assets.xcassets */; };
		77CDFD432B5ABCB400954295 /* LaunchScreen.storyboard in Resources */ = {isa = PBXBuildFile; fileRef = 77CDFD412B5ABCB400954295 /* LaunchScreen.storyboard */; };
		77CDFD4E2B5ABCB400954295 /* PeraTests.swift in Sources */ = {isa = PBXBuildFile; fileRef = 77CDFD4D2B5ABCB400954295 /* PeraTests.swift */; };
		77CDFD582B5ABCB400954295 /* PeraUITests.swift in Sources */ = {isa = PBXBuildFile; fileRef = 77CDFD572B5ABCB400954295 /* PeraUITests.swift */; };
		77CDFD5A2B5ABCB400954295 /* PeraUITestsLaunchTests.swift in Sources */ = {isa = PBXBuildFile; fileRef = 77CDFD592B5ABCB400954295 /* PeraUITestsLaunchTests.swift */; };
		77CDFD682B5ABD1D00954295 /* Kingfisher in Frameworks */ = {isa = PBXBuildFile; productRef = 77CDFD672B5ABD1D00954295 /* Kingfisher */; };
		77CDFD6E2B5ABDD600954295 /* MainViewModel.swift in Sources */ = {isa = PBXBuildFile; fileRef = 77CDFD6D2B5ABDD600954295 /* MainViewModel.swift */; };
		77CDFD702B5ABDE800954295 /* MainModel.swift in Sources */ = {isa = PBXBuildFile; fileRef = 77CDFD6F2B5ABDE800954295 /* MainModel.swift */; };
/* End PBXBuildFile section */

/* Begin PBXContainerItemProxy section */
		77CDFD4A2B5ABCB400954295 /* PBXContainerItemProxy */ = {
			isa = PBXContainerItemProxy;
			containerPortal = 77CDFD2B2B5ABCB200954295 /* Project object */;
			proxyType = 1;
			remoteGlobalIDString = 77CDFD322B5ABCB200954295;
			remoteInfo = Pera;
		};
		77CDFD542B5ABCB400954295 /* PBXContainerItemProxy */ = {
			isa = PBXContainerItemProxy;
			containerPortal = 77CDFD2B2B5ABCB200954295 /* Project object */;
			proxyType = 1;
			remoteGlobalIDString = 77CDFD322B5ABCB200954295;
			remoteInfo = Pera;
		};
/* End PBXContainerItemProxy section */

/* Begin PBXFileReference section */
		779FE6A32B5B1D5900FB23CB /* GithubAPI.swift */ = {isa = PBXFileReference; lastKnownFileType = sourcecode.swift; path = GithubAPI.swift; sourceTree = "<group>"; };
		77CDFD332B5ABCB200954295 /* Pera.app */ = {isa = PBXFileReference; explicitFileType = wrapper.application; includeInIndex = 0; path = Pera.app; sourceTree = BUILT_PRODUCTS_DIR; };
		77CDFD362B5ABCB200954295 /* AppDelegate.swift */ = {isa = PBXFileReference; lastKnownFileType = sourcecode.swift; path = AppDelegate.swift; sourceTree = "<group>"; };
		77CDFD382B5ABCB200954295 /* SceneDelegate.swift */ = {isa = PBXFileReference; lastKnownFileType = sourcecode.swift; path = SceneDelegate.swift; sourceTree = "<group>"; };
		77CDFD3A2B5ABCB200954295 /* MainViewController.swift */ = {isa = PBXFileReference; lastKnownFileType = sourcecode.swift; path = MainViewController.swift; sourceTree = "<group>"; };
		77CDFD3F2B5ABCB400954295 /* Assets.xcassets */ = {isa = PBXFileReference; lastKnownFileType = folder.assetcatalog; path = Assets.xcassets; sourceTree = "<group>"; };
		77CDFD422B5ABCB400954295 /* Base */ = {isa = PBXFileReference; lastKnownFileType = file.storyboard; name = Base; path = Base.lproj/LaunchScreen.storyboard; sourceTree = "<group>"; };
		77CDFD442B5ABCB400954295 /* Info.plist */ = {isa = PBXFileReference; lastKnownFileType = text.plist.xml; path = Info.plist; sourceTree = "<group>"; };
		77CDFD492B5ABCB400954295 /* PeraTests.xctest */ = {isa = PBXFileReference; explicitFileType = wrapper.cfbundle; includeInIndex = 0; path = PeraTests.xctest; sourceTree = BUILT_PRODUCTS_DIR; };
		77CDFD4D2B5ABCB400954295 /* PeraTests.swift */ = {isa = PBXFileReference; lastKnownFileType = sourcecode.swift; path = PeraTests.swift; sourceTree = "<group>"; };
		77CDFD532B5ABCB400954295 /* PeraUITests.xctest */ = {isa = PBXFileReference; explicitFileType = wrapper.cfbundle; includeInIndex = 0; path = PeraUITests.xctest; sourceTree = BUILT_PRODUCTS_DIR; };
		77CDFD572B5ABCB400954295 /* PeraUITests.swift */ = {isa = PBXFileReference; lastKnownFileType = sourcecode.swift; path = PeraUITests.swift; sourceTree = "<group>"; };
		77CDFD592B5ABCB400954295 /* PeraUITestsLaunchTests.swift */ = {isa = PBXFileReference; lastKnownFileType = sourcecode.swift; path = PeraUITestsLaunchTests.swift; sourceTree = "<group>"; };
		77CDFD6D2B5ABDD600954295 /* MainViewModel.swift */ = {isa = PBXFileReference; lastKnownFileType = sourcecode.swift; path = MainViewModel.swift; sourceTree = "<group>"; };
		77CDFD6F2B5ABDE800954295 /* MainModel.swift */ = {isa = PBXFileReference; lastKnownFileType = sourcecode.swift; path = MainModel.swift; sourceTree = "<group>"; };
/* End PBXFileReference section */

/* Begin PBXFrameworksBuildPhase section */
		77CDFD302B5ABCB200954295 /* Frameworks */ = {
			isa = PBXFrameworksBuildPhase;
			buildActionMask = 2147483647;
			files = (
				77A2E5A42B5B245C00848A40 /* SnapKit in Frameworks */,
				77CDFD682B5ABD1D00954295 /* Kingfisher in Frameworks */,
				77A2E5A62B5B245C00848A40 /* SnapKit-Dynamic in Frameworks */,
			);
			runOnlyForDeploymentPostprocessing = 0;
		};
		77CDFD462B5ABCB400954295 /* Frameworks */ = {
			isa = PBXFrameworksBuildPhase;
			buildActionMask = 2147483647;
			files = (
			);
			runOnlyForDeploymentPostprocessing = 0;
		};
		77CDFD502B5ABCB400954295 /* Frameworks */ = {
			isa = PBXFrameworksBuildPhase;
			buildActionMask = 2147483647;
			files = (
			);
			runOnlyForDeploymentPostprocessing = 0;
		};
/* End PBXFrameworksBuildPhase section */

/* Begin PBXGroup section */
		77CDFD2A2B5ABCB200954295 = {
			isa = PBXGroup;
			children = (
				77CDFD352B5ABCB200954295 /* Pera */,
				77CDFD4C2B5ABCB400954295 /* PeraTests */,
				77CDFD562B5ABCB400954295 /* PeraUITests */,
				77CDFD342B5ABCB200954295 /* Products */,
				BBC455A77E65A695E8C532CF /* Pods */,
			);
			sourceTree = "<group>";
		};
		77CDFD342B5ABCB200954295 /* Products */ = {
			isa = PBXGroup;
			children = (
				77CDFD332B5ABCB200954295 /* Pera.app */,
				77CDFD492B5ABCB400954295 /* PeraTests.xctest */,
				77CDFD532B5ABCB400954295 /* PeraUITests.xctest */,
			);
			name = Products;
			sourceTree = "<group>";
		};
		77CDFD352B5ABCB200954295 /* Pera */ = {
			isa = PBXGroup;
			children = (
				77CDFD712B5ABDFC00954295 /* Utils */,
				77CDFD6C2B5ABDBC00954295 /* View */,
				77CDFD6B2B5ABDB300954295 /* ViewModel */,
				77CDFD6A2B5ABDAE00954295 /* Model */,
				77CDFD3F2B5ABCB400954295 /* Assets.xcassets */,
				77CDFD412B5ABCB400954295 /* LaunchScreen.storyboard */,
				77CDFD442B5ABCB400954295 /* Info.plist */,
			);
			path = Pera;
			sourceTree = "<group>";
		};
		77CDFD4C2B5ABCB400954295 /* PeraTests */ = {
			isa = PBXGroup;
			children = (
				77CDFD4D2B5ABCB400954295 /* PeraTests.swift */,
			);
			path = PeraTests;
			sourceTree = "<group>";
		};
		77CDFD562B5ABCB400954295 /* PeraUITests */ = {
			isa = PBXGroup;
			children = (
				77CDFD572B5ABCB400954295 /* PeraUITests.swift */,
				77CDFD592B5ABCB400954295 /* PeraUITestsLaunchTests.swift */,
			);
			path = PeraUITests;
			sourceTree = "<group>";
		};
		77CDFD6A2B5ABDAE00954295 /* Model */ = {
			isa = PBXGroup;
			children = (
				77CDFD6F2B5ABDE800954295 /* MainModel.swift */,
			);
			path = Model;
			sourceTree = "<group>";
		};
		77CDFD6B2B5ABDB300954295 /* ViewModel */ = {
			isa = PBXGroup;
			children = (
				77CDFD6D2B5ABDD600954295 /* MainViewModel.swift */,
			);
			path = ViewModel;
			sourceTree = "<group>";
		};
		77CDFD6C2B5ABDBC00954295 /* View */ = {
			isa = PBXGroup;
			children = (
				77CDFD3A2B5ABCB200954295 /* MainViewController.swift */,
			);
			path = View;
			sourceTree = "<group>";
		};
		77CDFD712B5ABDFC00954295 /* Utils */ = {
			isa = PBXGroup;
			children = (
				77CDFD362B5ABCB200954295 /* AppDelegate.swift */,
				77CDFD382B5ABCB200954295 /* SceneDelegate.swift */,
				779FE6A32B5B1D5900FB23CB /* GithubAPI.swift */,
			);
			path = Utils;
			sourceTree = "<group>";
		};
		BBC455A77E65A695E8C532CF /* Pods */ = {
			isa = PBXGroup;
			children = (
			);
			path = Pods;
			sourceTree = "<group>";
		};
/* End PBXGroup section */

/* Begin PBXNativeTarget section */
		77CDFD322B5ABCB200954295 /* Pera */ = {
			isa = PBXNativeTarget;
			buildConfigurationList = 77CDFD5D2B5ABCB400954295 /* Build configuration list for PBXNativeTarget "Pera" */;
			buildPhases = (
				77CDFD2F2B5ABCB200954295 /* Sources */,
				77CDFD302B5ABCB200954295 /* Frameworks */,
				77CDFD312B5ABCB200954295 /* Resources */,
			);
			buildRules = (
			);
			dependencies = (
			);
			name = Pera;
			packageProductDependencies = (
				77CDFD672B5ABD1D00954295 /* Kingfisher */,
				77A2E5A32B5B245C00848A40 /* SnapKit */,
				77A2E5A52B5B245C00848A40 /* SnapKit-Dynamic */,
			);
			productName = Pera;
			productReference = 77CDFD332B5ABCB200954295 /* Pera.app */;
			productType = "com.apple.product-type.application";
		};
		77CDFD482B5ABCB400954295 /* PeraTests */ = {
			isa = PBXNativeTarget;
			buildConfigurationList = 77CDFD602B5ABCB400954295 /* Build configuration list for PBXNativeTarget "PeraTests" */;
			buildPhases = (
				77CDFD452B5ABCB400954295 /* Sources */,
				77CDFD462B5ABCB400954295 /* Frameworks */,
				77CDFD472B5ABCB400954295 /* Resources */,
			);
			buildRules = (
			);
			dependencies = (
				77CDFD4B2B5ABCB400954295 /* PBXTargetDependency */,
			);
			name = PeraTests;
			productName = PeraTests;
			productReference = 77CDFD492B5ABCB400954295 /* PeraTests.xctest */;
			productType = "com.apple.product-type.bundle.unit-test";
		};
		77CDFD522B5ABCB400954295 /* PeraUITests */ = {
			isa = PBXNativeTarget;
			buildConfigurationList = 77CDFD632B5ABCB400954295 /* Build configuration list for PBXNativeTarget "PeraUITests" */;
			buildPhases = (
				77CDFD4F2B5ABCB400954295 /* Sources */,
				77CDFD502B5ABCB400954295 /* Frameworks */,
				77CDFD512B5ABCB400954295 /* Resources */,
			);
			buildRules = (
			);
			dependencies = (
				77CDFD552B5ABCB400954295 /* PBXTargetDependency */,
			);
			name = PeraUITests;
			productName = PeraUITests;
			productReference = 77CDFD532B5ABCB400954295 /* PeraUITests.xctest */;
			productType = "com.apple.product-type.bundle.ui-testing";
		};
/* End PBXNativeTarget section */

/* Begin PBXProject section */
		77CDFD2B2B5ABCB200954295 /* Project object */ = {
			isa = PBXProject;
			attributes = {
				BuildIndependentTargetsInParallel = 1;
				LastSwiftUpdateCheck = 1510;
				LastUpgradeCheck = 1510;
				TargetAttributes = {
					77CDFD322B5ABCB200954295 = {
						CreatedOnToolsVersion = 15.1;
					};
					77CDFD482B5ABCB400954295 = {
						CreatedOnToolsVersion = 15.1;
						TestTargetID = 77CDFD322B5ABCB200954295;
					};
					77CDFD522B5ABCB400954295 = {
						CreatedOnToolsVersion = 15.1;
						TestTargetID = 77CDFD322B5ABCB200954295;
					};
				};
			};
			buildConfigurationList = 77CDFD2E2B5ABCB200954295 /* Build configuration list for PBXProject "Pera" */;
			compatibilityVersion = "Xcode 14.0";
			developmentRegion = en;
			hasScannedForEncodings = 0;
			knownRegions = (
				en,
				Base,
			);
			mainGroup = 77CDFD2A2B5ABCB200954295;
			packageReferences = (
				77CDFD662B5ABD1D00954295 /* XCRemoteSwiftPackageReference "Kingfisher.git" */,
				77A2E5A22B5B245C00848A40 /* XCRemoteSwiftPackageReference "SnapKit.git" */,
			);
			productRefGroup = 77CDFD342B5ABCB200954295 /* Products */;
			projectDirPath = "";
			projectRoot = "";
			targets = (
				77CDFD322B5ABCB200954295 /* Pera */,
				77CDFD482B5ABCB400954295 /* PeraTests */,
				77CDFD522B5ABCB400954295 /* PeraUITests */,
			);
		};
/* End PBXProject section */

/* Begin PBXResourcesBuildPhase section */
		77CDFD312B5ABCB200954295 /* Resources */ = {
			isa = PBXResourcesBuildPhase;
			buildActionMask = 2147483647;
			files = (
				77CDFD432B5ABCB400954295 /* LaunchScreen.storyboard in Resources */,
				77CDFD402B5ABCB400954295 /* Assets.xcassets in Resources */,
			);
			runOnlyForDeploymentPostprocessing = 0;
		};
		77CDFD472B5ABCB400954295 /* Resources */ = {
			isa = PBXResourcesBuildPhase;
			buildActionMask = 2147483647;
			files = (
			);
			runOnlyForDeploymentPostprocessing = 0;
		};
		77CDFD512B5ABCB400954295 /* Resources */ = {
			isa = PBXResourcesBuildPhase;
			buildActionMask = 2147483647;
			files = (
			);
			runOnlyForDeploymentPostprocessing = 0;
		};
/* End PBXResourcesBuildPhase section */

/* Begin PBXSourcesBuildPhase section */
		77CDFD2F2B5ABCB200954295 /* Sources */ = {
			isa = PBXSourcesBuildPhase;
			buildActionMask = 2147483647;
			files = (
				77CDFD3B2B5ABCB200954295 /* MainViewController.swift in Sources */,
				779FE6A42B5B1D5900FB23CB /* GithubAPI.swift in Sources */,
				77CDFD372B5ABCB200954295 /* AppDelegate.swift in Sources */,
				77CDFD392B5ABCB200954295 /* SceneDelegate.swift in Sources */,
				77CDFD702B5ABDE800954295 /* MainModel.swift in Sources */,
				77CDFD6E2B5ABDD600954295 /* MainViewModel.swift in Sources */,
			);
			runOnlyForDeploymentPostprocessing = 0;
		};
		77CDFD452B5ABCB400954295 /* Sources */ = {
			isa = PBXSourcesBuildPhase;
			buildActionMask = 2147483647;
			files = (
				77CDFD4E2B5ABCB400954295 /* PeraTests.swift in Sources */,
			);
			runOnlyForDeploymentPostprocessing = 0;
		};
		77CDFD4F2B5ABCB400954295 /* Sources */ = {
			isa = PBXSourcesBuildPhase;
			buildActionMask = 2147483647;
			files = (
				77CDFD5A2B5ABCB400954295 /* PeraUITestsLaunchTests.swift in Sources */,
				77CDFD582B5ABCB400954295 /* PeraUITests.swift in Sources */,
			);
			runOnlyForDeploymentPostprocessing = 0;
		};
/* End PBXSourcesBuildPhase section */

/* Begin PBXTargetDependency section */
		77CDFD4B2B5ABCB400954295 /* PBXTargetDependency */ = {
			isa = PBXTargetDependency;
			target = 77CDFD322B5ABCB200954295 /* Pera */;
			targetProxy = 77CDFD4A2B5ABCB400954295 /* PBXContainerItemProxy */;
		};
		77CDFD552B5ABCB400954295 /* PBXTargetDependency */ = {
			isa = PBXTargetDependency;
			target = 77CDFD322B5ABCB200954295 /* Pera */;
			targetProxy = 77CDFD542B5ABCB400954295 /* PBXContainerItemProxy */;
		};
/* End PBXTargetDependency section */

/* Begin PBXVariantGroup section */
		77CDFD412B5ABCB400954295 /* LaunchScreen.storyboard */ = {
			isa = PBXVariantGroup;
			children = (
				77CDFD422B5ABCB400954295 /* Base */,
			);
			name = LaunchScreen.storyboard;
			sourceTree = "<group>";
		};
/* End PBXVariantGroup section */

/* Begin XCBuildConfiguration section */
		77CDFD5B2B5ABCB400954295 /* Debug */ = {
			isa = XCBuildConfiguration;
			buildSettings = {
				ALWAYS_SEARCH_USER_PATHS = NO;
				ASSETCATALOG_COMPILER_GENERATE_SWIFT_ASSET_SYMBOL_EXTENSIONS = YES;
				CLANG_ANALYZER_NONNULL = YES;
				CLANG_ANALYZER_NUMBER_OBJECT_CONVERSION = YES_AGGRESSIVE;
				CLANG_CXX_LANGUAGE_STANDARD = "gnu++20";
				CLANG_ENABLE_MODULES = YES;
				CLANG_ENABLE_OBJC_ARC = YES;
				CLANG_ENABLE_OBJC_WEAK = YES;
				CLANG_WARN_BLOCK_CAPTURE_AUTORELEASING = YES;
				CLANG_WARN_BOOL_CONVERSION = YES;
				CLANG_WARN_COMMA = YES;
				CLANG_WARN_CONSTANT_CONVERSION = YES;
				CLANG_WARN_DEPRECATED_OBJC_IMPLEMENTATIONS = YES;
				CLANG_WARN_DIRECT_OBJC_ISA_USAGE = YES_ERROR;
				CLANG_WARN_DOCUMENTATION_COMMENTS = YES;
				CLANG_WARN_EMPTY_BODY = YES;
				CLANG_WARN_ENUM_CONVERSION = YES;
				CLANG_WARN_INFINITE_RECURSION = YES;
				CLANG_WARN_INT_CONVERSION = YES;
				CLANG_WARN_NON_LITERAL_NULL_CONVERSION = YES;
				CLANG_WARN_OBJC_IMPLICIT_RETAIN_SELF = YES;
				CLANG_WARN_OBJC_LITERAL_CONVERSION = YES;
				CLANG_WARN_OBJC_ROOT_CLASS = YES_ERROR;
				CLANG_WARN_QUOTED_INCLUDE_IN_FRAMEWORK_HEADER = YES;
				CLANG_WARN_RANGE_LOOP_ANALYSIS = YES;
				CLANG_WARN_STRICT_PROTOTYPES = YES;
				CLANG_WARN_SUSPICIOUS_MOVE = YES;
				CLANG_WARN_UNGUARDED_AVAILABILITY = YES_AGGRESSIVE;
				CLANG_WARN_UNREACHABLE_CODE = YES;
				CLANG_WARN__DUPLICATE_METHOD_MATCH = YES;
				COPY_PHASE_STRIP = NO;
				DEBUG_INFORMATION_FORMAT = dwarf;
				ENABLE_STRICT_OBJC_MSGSEND = YES;
				ENABLE_TESTABILITY = YES;
				ENABLE_USER_SCRIPT_SANDBOXING = YES;
				GCC_C_LANGUAGE_STANDARD = gnu17;
				GCC_DYNAMIC_NO_PIC = NO;
				GCC_NO_COMMON_BLOCKS = YES;
				GCC_OPTIMIZATION_LEVEL = 0;
				GCC_PREPROCESSOR_DEFINITIONS = (
					"DEBUG=1",
					"$(inherited)",
				);
				GCC_WARN_64_TO_32_BIT_CONVERSION = YES;
				GCC_WARN_ABOUT_RETURN_TYPE = YES_ERROR;
				GCC_WARN_UNDECLARED_SELECTOR = YES;
				GCC_WARN_UNINITIALIZED_AUTOS = YES_AGGRESSIVE;
				GCC_WARN_UNUSED_FUNCTION = YES;
				GCC_WARN_UNUSED_VARIABLE = YES;
				IPHONEOS_DEPLOYMENT_TARGET = 17.2;
				LOCALIZATION_PREFERS_STRING_CATALOGS = YES;
				MTL_ENABLE_DEBUG_INFO = INCLUDE_SOURCE;
				MTL_FAST_MATH = YES;
				ONLY_ACTIVE_ARCH = YES;
				SDKROOT = iphoneos;
				SWIFT_ACTIVE_COMPILATION_CONDITIONS = "DEBUG $(inherited)";
				SWIFT_OPTIMIZATION_LEVEL = "-Onone";
			};
			name = Debug;
		};
		77CDFD5C2B5ABCB400954295 /* Release */ = {
			isa = XCBuildConfiguration;
			buildSettings = {
				ALWAYS_SEARCH_USER_PATHS = NO;
				ASSETCATALOG_COMPILER_GENERATE_SWIFT_ASSET_SYMBOL_EXTENSIONS = YES;
				CLANG_ANALYZER_NONNULL = YES;
				CLANG_ANALYZER_NUMBER_OBJECT_CONVERSION = YES_AGGRESSIVE;
				CLANG_CXX_LANGUAGE_STANDARD = "gnu++20";
				CLANG_ENABLE_MODULES = YES;
				CLANG_ENABLE_OBJC_ARC = YES;
				CLANG_ENABLE_OBJC_WEAK = YES;
				CLANG_WARN_BLOCK_CAPTURE_AUTORELEASING = YES;
				CLANG_WARN_BOOL_CONVERSION = YES;
				CLANG_WARN_COMMA = YES;
				CLANG_WARN_CONSTANT_CONVERSION = YES;
				CLANG_WARN_DEPRECATED_OBJC_IMPLEMENTATIONS = YES;
				CLANG_WARN_DIRECT_OBJC_ISA_USAGE = YES_ERROR;
				CLANG_WARN_DOCUMENTATION_COMMENTS = YES;
				CLANG_WARN_EMPTY_BODY = YES;
				CLANG_WARN_ENUM_CONVERSION = YES;
				CLANG_WARN_INFINITE_RECURSION = YES;
				CLANG_WARN_INT_CONVERSION = YES;
				CLANG_WARN_NON_LITERAL_NULL_CONVERSION = YES;
				CLANG_WARN_OBJC_IMPLICIT_RETAIN_SELF = YES;
				CLANG_WARN_OBJC_LITERAL_CONVERSION = YES;
				CLANG_WARN_OBJC_ROOT_CLASS = YES_ERROR;
				CLANG_WARN_QUOTED_INCLUDE_IN_FRAMEWORK_HEADER = YES;
				CLANG_WARN_RANGE_LOOP_ANALYSIS = YES;
				CLANG_WARN_STRICT_PROTOTYPES = YES;
				CLANG_WARN_SUSPICIOUS_MOVE = YES;
				CLANG_WARN_UNGUARDED_AVAILABILITY = YES_AGGRESSIVE;
				CLANG_WARN_UNREACHABLE_CODE = YES;
				CLANG_WARN__DUPLICATE_METHOD_MATCH = YES;
				COPY_PHASE_STRIP = NO;
				DEBUG_INFORMATION_FORMAT = "dwarf-with-dsym";
				ENABLE_NS_ASSERTIONS = NO;
				ENABLE_STRICT_OBJC_MSGSEND = YES;
				ENABLE_USER_SCRIPT_SANDBOXING = YES;
				GCC_C_LANGUAGE_STANDARD = gnu17;
				GCC_NO_COMMON_BLOCKS = YES;
				GCC_WARN_64_TO_32_BIT_CONVERSION = YES;
				GCC_WARN_ABOUT_RETURN_TYPE = YES_ERROR;
				GCC_WARN_UNDECLARED_SELECTOR = YES;
				GCC_WARN_UNINITIALIZED_AUTOS = YES_AGGRESSIVE;
				GCC_WARN_UNUSED_FUNCTION = YES;
				GCC_WARN_UNUSED_VARIABLE = YES;
				IPHONEOS_DEPLOYMENT_TARGET = 17.2;
				LOCALIZATION_PREFERS_STRING_CATALOGS = YES;
				MTL_ENABLE_DEBUG_INFO = NO;
				MTL_FAST_MATH = YES;
				SDKROOT = iphoneos;
				SWIFT_COMPILATION_MODE = wholemodule;
				VALIDATE_PRODUCT = YES;
			};
			name = Release;
		};
		77CDFD5E2B5ABCB400954295 /* Debug */ = {
			isa = XCBuildConfiguration;
			buildSettings = {
				ASSETCATALOG_COMPILER_APPICON_NAME = AppIcon;
				ASSETCATALOG_COMPILER_GLOBAL_ACCENT_COLOR_NAME = AccentColor;
				CODE_SIGN_STYLE = Automatic;
				CURRENT_PROJECT_VERSION = 1;
				DEVELOPMENT_TEAM = QJS4FJ5R3Z;
				GENERATE_INFOPLIST_FILE = YES;
				INFOPLIST_FILE = Pera/Info.plist;
				INFOPLIST_KEY_UIApplicationSupportsIndirectInputEvents = YES;
				INFOPLIST_KEY_UILaunchStoryboardName = LaunchScreen;
				INFOPLIST_KEY_UISupportedInterfaceOrientations_iPad = "UIInterfaceOrientationPortrait UIInterfaceOrientationPortraitUpsideDown UIInterfaceOrientationLandscapeLeft UIInterfaceOrientationLandscapeRight";
				INFOPLIST_KEY_UISupportedInterfaceOrientations_iPhone = "UIInterfaceOrientationPortrait UIInterfaceOrientationLandscapeLeft UIInterfaceOrientationLandscapeRight";
				LD_RUNPATH_SEARCH_PATHS = (
					"$(inherited)",
					"@executable_path/Frameworks",
				);
				MARKETING_VERSION = 1.0;
				PRODUCT_BUNDLE_IDENTIFIER = com.Pera;
				PRODUCT_NAME = "$(TARGET_NAME)";
				SWIFT_EMIT_LOC_STRINGS = YES;
				SWIFT_VERSION = 5.0;
				TARGETED_DEVICE_FAMILY = "1,2";
			};
			name = Debug;
		};
		77CDFD5F2B5ABCB400954295 /* Release */ = {
			isa = XCBuildConfiguration;
			buildSettings = {
				ASSETCATALOG_COMPILER_APPICON_NAME = AppIcon;
				ASSETCATALOG_COMPILER_GLOBAL_ACCENT_COLOR_NAME = AccentColor;
				CODE_SIGN_STYLE = Automatic;
				CURRENT_PROJECT_VERSION = 1;
				DEVELOPMENT_TEAM = QJS4FJ5R3Z;
				GENERATE_INFOPLIST_FILE = YES;
				INFOPLIST_FILE = Pera/Info.plist;
				INFOPLIST_KEY_UIApplicationSupportsIndirectInputEvents = YES;
				INFOPLIST_KEY_UILaunchStoryboardName = LaunchScreen;
				INFOPLIST_KEY_UISupportedInterfaceOrientations_iPad = "UIInterfaceOrientationPortrait UIInterfaceOrientationPortraitUpsideDown UIInterfaceOrientationLandscapeLeft UIInterfaceOrientationLandscapeRight";
				INFOPLIST_KEY_UISupportedInterfaceOrientations_iPhone = "UIInterfaceOrientationPortrait UIInterfaceOrientationLandscapeLeft UIInterfaceOrientationLandscapeRight";
				LD_RUNPATH_SEARCH_PATHS = (
					"$(inherited)",
					"@executable_path/Frameworks",
				);
				MARKETING_VERSION = 1.0;
				PRODUCT_BUNDLE_IDENTIFIER = com.Pera;
				PRODUCT_NAME = "$(TARGET_NAME)";
				SWIFT_EMIT_LOC_STRINGS = YES;
				SWIFT_VERSION = 5.0;
				TARGETED_DEVICE_FAMILY = "1,2";
			};
			name = Release;
		};
		77CDFD612B5ABCB400954295 /* Debug */ = {
			isa = XCBuildConfiguration;
			buildSettings = {
				ALWAYS_EMBED_SWIFT_STANDARD_LIBRARIES = YES;
				BUNDLE_LOADER = "$(TEST_HOST)";
				CODE_SIGN_STYLE = Automatic;
				CURRENT_PROJECT_VERSION = 1;
				DEVELOPMENT_TEAM = QJS4FJ5R3Z;
				GENERATE_INFOPLIST_FILE = YES;
				IPHONEOS_DEPLOYMENT_TARGET = 17.2;
				MARKETING_VERSION = 1.0;
				PRODUCT_BUNDLE_IDENTIFIER = com.PeraTests;
				PRODUCT_NAME = "$(TARGET_NAME)";
				SWIFT_EMIT_LOC_STRINGS = NO;
				SWIFT_VERSION = 5.0;
				TARGETED_DEVICE_FAMILY = "1,2";
				TEST_HOST = "$(BUILT_PRODUCTS_DIR)/Pera.app/$(BUNDLE_EXECUTABLE_FOLDER_PATH)/Pera";
			};
			name = Debug;
		};
		77CDFD622B5ABCB400954295 /* Release */ = {
			isa = XCBuildConfiguration;
			buildSettings = {
				ALWAYS_EMBED_SWIFT_STANDARD_LIBRARIES = YES;
				BUNDLE_LOADER = "$(TEST_HOST)";
				CODE_SIGN_STYLE = Automatic;
				CURRENT_PROJECT_VERSION = 1;
				DEVELOPMENT_TEAM = QJS4FJ5R3Z;
				GENERATE_INFOPLIST_FILE = YES;
				IPHONEOS_DEPLOYMENT_TARGET = 17.2;
				MARKETING_VERSION = 1.0;
				PRODUCT_BUNDLE_IDENTIFIER = com.PeraTests;
				PRODUCT_NAME = "$(TARGET_NAME)";
				SWIFT_EMIT_LOC_STRINGS = NO;
				SWIFT_VERSION = 5.0;
				TARGETED_DEVICE_FAMILY = "1,2";
				TEST_HOST = "$(BUILT_PRODUCTS_DIR)/Pera.app/$(BUNDLE_EXECUTABLE_FOLDER_PATH)/Pera";
			};
			name = Release;
		};
		77CDFD642B5ABCB400954295 /* Debug */ = {
			isa = XCBuildConfiguration;
			buildSettings = {
				ALWAYS_EMBED_SWIFT_STANDARD_LIBRARIES = YES;
				CODE_SIGN_STYLE = Automatic;
				CURRENT_PROJECT_VERSION = 1;
				DEVELOPMENT_TEAM = QJS4FJ5R3Z;
				GENERATE_INFOPLIST_FILE = YES;
				MARKETING_VERSION = 1.0;
				PRODUCT_BUNDLE_IDENTIFIER = com.PeraUITests;
				PRODUCT_NAME = "$(TARGET_NAME)";
				SWIFT_EMIT_LOC_STRINGS = NO;
				SWIFT_VERSION = 5.0;
				TARGETED_DEVICE_FAMILY = "1,2";
				TEST_TARGET_NAME = Pera;
			};
			name = Debug;
		};
		77CDFD652B5ABCB400954295 /* Release */ = {
			isa = XCBuildConfiguration;
			buildSettings = {
				ALWAYS_EMBED_SWIFT_STANDARD_LIBRARIES = YES;
				CODE_SIGN_STYLE = Automatic;
				CURRENT_PROJECT_VERSION = 1;
				DEVELOPMENT_TEAM = QJS4FJ5R3Z;
				GENERATE_INFOPLIST_FILE = YES;
				MARKETING_VERSION = 1.0;
				PRODUCT_BUNDLE_IDENTIFIER = com.PeraUITests;
				PRODUCT_NAME = "$(TARGET_NAME)";
				SWIFT_EMIT_LOC_STRINGS = NO;
				SWIFT_VERSION = 5.0;
				TARGETED_DEVICE_FAMILY = "1,2";
				TEST_TARGET_NAME = Pera;
			};
			name = Release;
		};
/* End XCBuildConfiguration section */

/* Begin XCConfigurationList section */
		77CDFD2E2B5ABCB200954295 /* Build configuration list for PBXProject "Pera" */ = {
			isa = XCConfigurationList;
			buildConfigurations = (
				77CDFD5B2B5ABCB400954295 /* Debug */,
				77CDFD5C2B5ABCB400954295 /* Release */,
			);
			defaultConfigurationIsVisible = 0;
			defaultConfigurationName = Release;
		};
		77CDFD5D2B5ABCB400954295 /* Build configuration list for PBXNativeTarget "Pera" */ = {
			isa = XCConfigurationList;
			buildConfigurations = (
				77CDFD5E2B5ABCB400954295 /* Debug */,
				77CDFD5F2B5ABCB400954295 /* Release */,
			);
			defaultConfigurationIsVisible = 0;
			defaultConfigurationName = Release;
		};
		77CDFD602B5ABCB400954295 /* Build configuration list for PBXNativeTarget "PeraTests" */ = {
			isa = XCConfigurationList;
			buildConfigurations = (
				77CDFD612B5ABCB400954295 /* Debug */,
				77CDFD622B5ABCB400954295 /* Release */,
			);
			defaultConfigurationIsVisible = 0;
			defaultConfigurationName = Release;
		};
		77CDFD632B5ABCB400954295 /* Build configuration list for PBXNativeTarget "PeraUITests" */ = {
			isa = XCConfigurationList;
			buildConfigurations = (
				77CDFD642B5ABCB400954295 /* Debug */,
				77CDFD652B5ABCB400954295 /* Release */,
			);
			defaultConfigurationIsVisible = 0;
			defaultConfigurationName = Release;
		};
/* End XCConfigurationList section */

/* Begin XCRemoteSwiftPackageReference section */
		77A2E5A22B5B245C00848A40 /* XCRemoteSwiftPackageReference "SnapKit.git" */ = {
			isa = XCRemoteSwiftPackageReference;
			repositoryURL = "https://github.com/SnapKit/SnapKit.git";
			requirement = {
				kind = versionRange;
				maximumVersion = 6.0.0;
				minimumVersion = 5.7.0;
			};
		};
		77CDFD662B5ABD1D00954295 /* XCRemoteSwiftPackageReference "Kingfisher.git" */ = {
			isa = XCRemoteSwiftPackageReference;
			repositoryURL = "https://github.com/onevcat/Kingfisher.git";
			requirement = {
				kind = upToNextMajorVersion;
				minimumVersion = 7.10.2;
			};
		};
/* End XCRemoteSwiftPackageReference section */

/* Begin XCSwiftPackageProductDependency section */
		77A2E5A32B5B245C00848A40 /* SnapKit */ = {
			isa = XCSwiftPackageProductDependency;
			package = 77A2E5A22B5B245C00848A40 /* XCRemoteSwiftPackageReference "SnapKit.git" */;
			productName = SnapKit;
		};
		77A2E5A52B5B245C00848A40 /* SnapKit-Dynamic */ = {
			isa = XCSwiftPackageProductDependency;
			package = 77A2E5A22B5B245C00848A40 /* XCRemoteSwiftPackageReference "SnapKit.git" */;
			productName = "SnapKit-Dynamic";
		};
		77CDFD672B5ABD1D00954295 /* Kingfisher */ = {
			isa = XCSwiftPackageProductDependency;
			package = 77CDFD662B5ABD1D00954295 /* XCRemoteSwiftPackageReference "Kingfisher.git" */;
			productName = Kingfisher;
		};
/* End XCSwiftPackageProductDependency section */
	};
	rootObject = 77CDFD2B2B5ABCB200954295 /* Project object */;
}
